// !$*UTF8*$!
{
	archiveVersion = 1;
	classes = {
	};
	objectVersion = 56;
	objects = {

/* Begin PBXBuildFile section */
		E426527829ECF2E300E4BECC /* MYNDApp.swift in Sources */ = {isa = PBXBuildFile; fileRef = E426527729ECF2E300E4BECC /* MYNDApp.swift */; };
		E426527A29ECF2E300E4BECC /* ContentView.swift in Sources */ = {isa = PBXBuildFile; fileRef = E426527929ECF2E300E4BECC /* ContentView.swift */; };
		E426527C29ECF2E500E4BECC /* Assets.xcassets in Resources */ = {isa = PBXBuildFile; fileRef = E426527B29ECF2E500E4BECC /* Assets.xcassets */; };
		E426528029ECF2E500E4BECC /* Preview Assets.xcassets in Resources */ = {isa = PBXBuildFile; fileRef = E426527F29ECF2E500E4BECC /* Preview Assets.xcassets */; };
		E426528729ECFB2A00E4BECC /* CopingSkills.swift in Sources */ = {isa = PBXBuildFile; fileRef = E426528629ECFB2A00E4BECC /* CopingSkills.swift */; };
		E426528929ECFBE500E4BECC /* Navigation.swift in Sources */ = {isa = PBXBuildFile; fileRef = E426528829ECFBE500E4BECC /* Navigation.swift */; };
		E426528B29F4EFF000E4BECC /* CopingStrategies.swift in Sources */ = {isa = PBXBuildFile; fileRef = E426528A29F4EFF000E4BECC /* CopingStrategies.swift */; };
		E426528D29F5C14800E4BECC /* Theming.swift in Sources */ = {isa = PBXBuildFile; fileRef = E426528C29F5C14800E4BECC /* Theming.swift */; };
		E426529129F5C64900E4BECC /* CopingSkillView.swift in Sources */ = {isa = PBXBuildFile; fileRef = E426529029F5C64900E4BECC /* CopingSkillView.swift */; };
		E426529329F5D96500E4BECC /* User.swift in Sources */ = {isa = PBXBuildFile; fileRef = E426529229F5D96500E4BECC /* User.swift */; };
		E426529529F5E23E00E4BECC /* HomeView.swift in Sources */ = {isa = PBXBuildFile; fileRef = E426529429F5E23E00E4BECC /* HomeView.swift */; };
		E426529729F9E14A00E4BECC /* CheckinView.swift in Sources */ = {isa = PBXBuildFile; fileRef = E426529629F9E14A00E4BECC /* CheckinView.swift */; };
		E426529929FA311100E4BECC /* ResourcesView.swift in Sources */ = {isa = PBXBuildFile; fileRef = E426529829FA311100E4BECC /* ResourcesView.swift */; };
		E426529B29FB0C6800E4BECC /* GoogleService-Info.plist in Resources */ = {isa = PBXBuildFile; fileRef = E426529A29FB0C6800E4BECC /* GoogleService-Info.plist */; };
		E426529E29FB0DA000E4BECC /* FirebaseAnalytics in Frameworks */ = {isa = PBXBuildFile; productRef = E426529D29FB0DA000E4BECC /* FirebaseAnalytics */; };
		E42652A029FB0DA000E4BECC /* FirebaseAnalyticsOnDeviceConversion in Frameworks */ = {isa = PBXBuildFile; productRef = E426529F29FB0DA000E4BECC /* FirebaseAnalyticsOnDeviceConversion */; };
		E42652A229FB0DA000E4BECC /* FirebaseAnalyticsSwift in Frameworks */ = {isa = PBXBuildFile; productRef = E42652A129FB0DA000E4BECC /* FirebaseAnalyticsSwift */; };
		E42652A429FB0DA000E4BECC /* FirebaseAnalyticsWithoutAdIdSupport in Frameworks */ = {isa = PBXBuildFile; productRef = E42652A329FB0DA000E4BECC /* FirebaseAnalyticsWithoutAdIdSupport */; };
		E42652A629FB0DA000E4BECC /* FirebaseAppCheck in Frameworks */ = {isa = PBXBuildFile; productRef = E42652A529FB0DA000E4BECC /* FirebaseAppCheck */; };
		E42652A829FB0DA000E4BECC /* FirebaseAppDistribution-Beta in Frameworks */ = {isa = PBXBuildFile; productRef = E42652A729FB0DA000E4BECC /* FirebaseAppDistribution-Beta */; };
		E42652AA29FB0DA000E4BECC /* FirebaseAuth in Frameworks */ = {isa = PBXBuildFile; productRef = E42652A929FB0DA000E4BECC /* FirebaseAuth */; };
		E42652AC29FB0DA000E4BECC /* FirebaseAuthCombine-Community in Frameworks */ = {isa = PBXBuildFile; productRef = E42652AB29FB0DA000E4BECC /* FirebaseAuthCombine-Community */; };
		E42652AE29FB0DA000E4BECC /* FirebaseCrashlytics in Frameworks */ = {isa = PBXBuildFile; productRef = E42652AD29FB0DA000E4BECC /* FirebaseCrashlytics */; };
		E42652B029FB0DA000E4BECC /* FirebaseDatabase in Frameworks */ = {isa = PBXBuildFile; productRef = E42652AF29FB0DA000E4BECC /* FirebaseDatabase */; };
		E42652B229FB0DA000E4BECC /* FirebaseDatabaseSwift in Frameworks */ = {isa = PBXBuildFile; productRef = E42652B129FB0DA000E4BECC /* FirebaseDatabaseSwift */; };
		E42652B429FB0DA000E4BECC /* FirebaseDynamicLinks in Frameworks */ = {isa = PBXBuildFile; productRef = E42652B329FB0DA000E4BECC /* FirebaseDynamicLinks */; };
		E42652B629FB0DA000E4BECC /* FirebaseFirestore in Frameworks */ = {isa = PBXBuildFile; productRef = E42652B529FB0DA000E4BECC /* FirebaseFirestore */; };
		E42652B829FB0DA000E4BECC /* FirebaseFirestoreCombine-Community in Frameworks */ = {isa = PBXBuildFile; productRef = E42652B729FB0DA000E4BECC /* FirebaseFirestoreCombine-Community */; };
		E42652BA29FB0DA000E4BECC /* FirebaseFirestoreSwift in Frameworks */ = {isa = PBXBuildFile; productRef = E42652B929FB0DA000E4BECC /* FirebaseFirestoreSwift */; };
		E42652BC29FB0DA000E4BECC /* FirebaseFunctions in Frameworks */ = {isa = PBXBuildFile; productRef = E42652BB29FB0DA000E4BECC /* FirebaseFunctions */; };
		E42652BE29FB0DA000E4BECC /* FirebaseFunctionsCombine-Community in Frameworks */ = {isa = PBXBuildFile; productRef = E42652BD29FB0DA000E4BECC /* FirebaseFunctionsCombine-Community */; };
		E42652C029FB0DA000E4BECC /* FirebaseInAppMessaging-Beta in Frameworks */ = {isa = PBXBuildFile; productRef = E42652BF29FB0DA000E4BECC /* FirebaseInAppMessaging-Beta */; };
		E42652C229FB0DA000E4BECC /* FirebaseInAppMessagingSwift-Beta in Frameworks */ = {isa = PBXBuildFile; productRef = E42652C129FB0DA000E4BECC /* FirebaseInAppMessagingSwift-Beta */; };
		E42652C429FB0DA000E4BECC /* FirebaseInstallations in Frameworks */ = {isa = PBXBuildFile; productRef = E42652C329FB0DA000E4BECC /* FirebaseInstallations */; };
		E42652C629FB0DA000E4BECC /* FirebaseMLModelDownloader in Frameworks */ = {isa = PBXBuildFile; productRef = E42652C529FB0DA000E4BECC /* FirebaseMLModelDownloader */; };
		E42652C829FB0DA000E4BECC /* FirebaseMessaging in Frameworks */ = {isa = PBXBuildFile; productRef = E42652C729FB0DA000E4BECC /* FirebaseMessaging */; };
		E42652CA29FB0DA100E4BECC /* FirebasePerformance in Frameworks */ = {isa = PBXBuildFile; productRef = E42652C929FB0DA100E4BECC /* FirebasePerformance */; };
		E42652CC29FB0DA100E4BECC /* FirebaseRemoteConfig in Frameworks */ = {isa = PBXBuildFile; productRef = E42652CB29FB0DA100E4BECC /* FirebaseRemoteConfig */; };
		E42652CE29FB0DA100E4BECC /* FirebaseRemoteConfigSwift in Frameworks */ = {isa = PBXBuildFile; productRef = E42652CD29FB0DA100E4BECC /* FirebaseRemoteConfigSwift */; };
		E42652D029FB0DA100E4BECC /* FirebaseStorage in Frameworks */ = {isa = PBXBuildFile; productRef = E42652CF29FB0DA100E4BECC /* FirebaseStorage */; };
		E42652D229FB0DA100E4BECC /* FirebaseStorageCombine-Community in Frameworks */ = {isa = PBXBuildFile; productRef = E42652D129FB0DA100E4BECC /* FirebaseStorageCombine-Community */; };
		E42652D429FB0E7C00E4BECC /* LoginView.swift in Sources */ = {isa = PBXBuildFile; fileRef = E42652D329FB0E7C00E4BECC /* LoginView.swift */; };
		E42652D629FB1AE500E4BECC /* DB.swift in Sources */ = {isa = PBXBuildFile; fileRef = E42652D529FB1AE500E4BECC /* DB.swift */; };
/* End PBXBuildFile section */

/* Begin PBXFileReference section */
		E426527429ECF2E300E4BECC /* MYND.app */ = {isa = PBXFileReference; explicitFileType = wrapper.application; includeInIndex = 0; path = MYND.app; sourceTree = BUILT_PRODUCTS_DIR; };
		E426527729ECF2E300E4BECC /* MYNDApp.swift */ = {isa = PBXFileReference; lastKnownFileType = sourcecode.swift; path = MYNDApp.swift; sourceTree = "<group>"; };
		E426527929ECF2E300E4BECC /* ContentView.swift */ = {isa = PBXFileReference; lastKnownFileType = sourcecode.swift; path = ContentView.swift; sourceTree = "<group>"; };
		E426527B29ECF2E500E4BECC /* Assets.xcassets */ = {isa = PBXFileReference; lastKnownFileType = folder.assetcatalog; path = Assets.xcassets; sourceTree = "<group>"; };
		E426527D29ECF2E500E4BECC /* MYND.entitlements */ = {isa = PBXFileReference; lastKnownFileType = text.plist.entitlements; path = MYND.entitlements; sourceTree = "<group>"; };
		E426527F29ECF2E500E4BECC /* Preview Assets.xcassets */ = {isa = PBXFileReference; lastKnownFileType = folder.assetcatalog; path = "Preview Assets.xcassets"; sourceTree = "<group>"; };
		E426528629ECFB2A00E4BECC /* CopingSkills.swift */ = {isa = PBXFileReference; lastKnownFileType = sourcecode.swift; path = CopingSkills.swift; sourceTree = "<group>"; };
		E426528829ECFBE500E4BECC /* Navigation.swift */ = {isa = PBXFileReference; lastKnownFileType = sourcecode.swift; path = Navigation.swift; sourceTree = "<group>"; };
		E426528A29F4EFF000E4BECC /* CopingStrategies.swift */ = {isa = PBXFileReference; lastKnownFileType = sourcecode.swift; path = CopingStrategies.swift; sourceTree = "<group>"; };
		E426528C29F5C14800E4BECC /* Theming.swift */ = {isa = PBXFileReference; lastKnownFileType = sourcecode.swift; path = Theming.swift; sourceTree = "<group>"; };
		E426529029F5C64900E4BECC /* CopingSkillView.swift */ = {isa = PBXFileReference; lastKnownFileType = sourcecode.swift; path = CopingSkillView.swift; sourceTree = "<group>"; };
		E426529229F5D96500E4BECC /* User.swift */ = {isa = PBXFileReference; lastKnownFileType = sourcecode.swift; path = User.swift; sourceTree = "<group>"; };
		E426529429F5E23E00E4BECC /* HomeView.swift */ = {isa = PBXFileReference; lastKnownFileType = sourcecode.swift; path = HomeView.swift; sourceTree = "<group>"; };
		E426529629F9E14A00E4BECC /* CheckinView.swift */ = {isa = PBXFileReference; lastKnownFileType = sourcecode.swift; path = CheckinView.swift; sourceTree = "<group>"; };
		E426529829FA311100E4BECC /* ResourcesView.swift */ = {isa = PBXFileReference; lastKnownFileType = sourcecode.swift; path = ResourcesView.swift; sourceTree = "<group>"; };
		E426529A29FB0C6800E4BECC /* GoogleService-Info.plist */ = {isa = PBXFileReference; fileEncoding = 4; lastKnownFileType = text.plist.xml; name = "GoogleService-Info.plist"; path = "../../../../Downloads/GoogleService-Info.plist"; sourceTree = "<group>"; };
		E42652D329FB0E7C00E4BECC /* LoginView.swift */ = {isa = PBXFileReference; lastKnownFileType = sourcecode.swift; path = LoginView.swift; sourceTree = "<group>"; };
		E42652D529FB1AE500E4BECC /* DB.swift */ = {isa = PBXFileReference; lastKnownFileType = sourcecode.swift; path = DB.swift; sourceTree = "<group>"; };
/* End PBXFileReference section */

/* Begin PBXFrameworksBuildPhase section */
		E426527129ECF2E300E4BECC /* Frameworks */ = {
			isa = PBXFrameworksBuildPhase;
			buildActionMask = 2147483647;
			files = (
				E42652B029FB0DA000E4BECC /* FirebaseDatabase in Frameworks */,
				E42652BE29FB0DA000E4BECC /* FirebaseFunctionsCombine-Community in Frameworks */,
				E42652B629FB0DA000E4BECC /* FirebaseFirestore in Frameworks */,
				E42652A229FB0DA000E4BECC /* FirebaseAnalyticsSwift in Frameworks */,
				E426529E29FB0DA000E4BECC /* FirebaseAnalytics in Frameworks */,
				E42652A029FB0DA000E4BECC /* FirebaseAnalyticsOnDeviceConversion in Frameworks */,
				E42652C629FB0DA000E4BECC /* FirebaseMLModelDownloader in Frameworks */,
				E42652BA29FB0DA000E4BECC /* FirebaseFirestoreSwift in Frameworks */,
				E42652A629FB0DA000E4BECC /* FirebaseAppCheck in Frameworks */,
				E42652A429FB0DA000E4BECC /* FirebaseAnalyticsWithoutAdIdSupport in Frameworks */,
				E42652AA29FB0DA000E4BECC /* FirebaseAuth in Frameworks */,
				E42652AE29FB0DA000E4BECC /* FirebaseCrashlytics in Frameworks */,
				E42652CE29FB0DA100E4BECC /* FirebaseRemoteConfigSwift in Frameworks */,
				E42652C029FB0DA000E4BECC /* FirebaseInAppMessaging-Beta in Frameworks */,
				E42652B229FB0DA000E4BECC /* FirebaseDatabaseSwift in Frameworks */,
				E42652BC29FB0DA000E4BECC /* FirebaseFunctions in Frameworks */,
				E42652D229FB0DA100E4BECC /* FirebaseStorageCombine-Community in Frameworks */,
				E42652CC29FB0DA100E4BECC /* FirebaseRemoteConfig in Frameworks */,
				E42652A829FB0DA000E4BECC /* FirebaseAppDistribution-Beta in Frameworks */,
				E42652AC29FB0DA000E4BECC /* FirebaseAuthCombine-Community in Frameworks */,
				E42652CA29FB0DA100E4BECC /* FirebasePerformance in Frameworks */,
				E42652C229FB0DA000E4BECC /* FirebaseInAppMessagingSwift-Beta in Frameworks */,
				E42652D029FB0DA100E4BECC /* FirebaseStorage in Frameworks */,
				E42652B429FB0DA000E4BECC /* FirebaseDynamicLinks in Frameworks */,
				E42652B829FB0DA000E4BECC /* FirebaseFirestoreCombine-Community in Frameworks */,
				E42652C829FB0DA000E4BECC /* FirebaseMessaging in Frameworks */,
				E42652C429FB0DA000E4BECC /* FirebaseInstallations in Frameworks */,
			);
			runOnlyForDeploymentPostprocessing = 0;
		};
/* End PBXFrameworksBuildPhase section */

/* Begin PBXGroup section */
		E426526B29ECF2E300E4BECC = {
			isa = PBXGroup;
			children = (
				E426527629ECF2E300E4BECC /* MYND */,
				E426527529ECF2E300E4BECC /* Products */,
			);
			sourceTree = "<group>";
		};
		E426527529ECF2E300E4BECC /* Products */ = {
			isa = PBXGroup;
			children = (
				E426527429ECF2E300E4BECC /* MYND.app */,
			);
			name = Products;
			sourceTree = "<group>";
		};
		E426527629ECF2E300E4BECC /* MYND */ = {
			isa = PBXGroup;
			children = (
				E426529A29FB0C6800E4BECC /* GoogleService-Info.plist */,
				E426528829ECFBE500E4BECC /* Navigation.swift */,
				E426527729ECF2E300E4BECC /* MYNDApp.swift */,
				E426527929ECF2E300E4BECC /* ContentView.swift */,
				E426527B29ECF2E500E4BECC /* Assets.xcassets */,
				E426527D29ECF2E500E4BECC /* MYND.entitlements */,
				E426527E29ECF2E500E4BECC /* Preview Content */,
				E426528629ECFB2A00E4BECC /* CopingSkills.swift */,
				E426528A29F4EFF000E4BECC /* CopingStrategies.swift */,
				E426528C29F5C14800E4BECC /* Theming.swift */,
				E426529029F5C64900E4BECC /* CopingSkillView.swift */,
				E426529229F5D96500E4BECC /* User.swift */,
				E426529429F5E23E00E4BECC /* HomeView.swift */,
				E426529829FA311100E4BECC /* ResourcesView.swift */,
				E426529629F9E14A00E4BECC /* CheckinView.swift */,
				E42652D329FB0E7C00E4BECC /* LoginView.swift */,
				E42652D529FB1AE500E4BECC /* DB.swift */,
			);
			path = MYND;
			sourceTree = "<group>";
		};
		E426527E29ECF2E500E4BECC /* Preview Content */ = {
			isa = PBXGroup;
			children = (
				E426527F29ECF2E500E4BECC /* Preview Assets.xcassets */,
			);
			path = "Preview Content";
			sourceTree = "<group>";
		};
/* End PBXGroup section */

/* Begin PBXNativeTarget section */
		E426527329ECF2E300E4BECC /* MYND */ = {
			isa = PBXNativeTarget;
			buildConfigurationList = E426528329ECF2E500E4BECC /* Build configuration list for PBXNativeTarget "MYND" */;
			buildPhases = (
				E426527029ECF2E300E4BECC /* Sources */,
				E426527129ECF2E300E4BECC /* Frameworks */,
				E426527229ECF2E300E4BECC /* Resources */,
			);
			buildRules = (
			);
			dependencies = (
			);
			name = MYND;
			packageProductDependencies = (
				E426529D29FB0DA000E4BECC /* FirebaseAnalytics */,
				E426529F29FB0DA000E4BECC /* FirebaseAnalyticsOnDeviceConversion */,
				E42652A129FB0DA000E4BECC /* FirebaseAnalyticsSwift */,
				E42652A329FB0DA000E4BECC /* FirebaseAnalyticsWithoutAdIdSupport */,
				E42652A529FB0DA000E4BECC /* FirebaseAppCheck */,
				E42652A729FB0DA000E4BECC /* FirebaseAppDistribution-Beta */,
				E42652A929FB0DA000E4BECC /* FirebaseAuth */,
				E42652AB29FB0DA000E4BECC /* FirebaseAuthCombine-Community */,
				E42652AD29FB0DA000E4BECC /* FirebaseCrashlytics */,
				E42652AF29FB0DA000E4BECC /* FirebaseDatabase */,
				E42652B129FB0DA000E4BECC /* FirebaseDatabaseSwift */,
				E42652B329FB0DA000E4BECC /* FirebaseDynamicLinks */,
				E42652B529FB0DA000E4BECC /* FirebaseFirestore */,
				E42652B729FB0DA000E4BECC /* FirebaseFirestoreCombine-Community */,
				E42652B929FB0DA000E4BECC /* FirebaseFirestoreSwift */,
				E42652BB29FB0DA000E4BECC /* FirebaseFunctions */,
				E42652BD29FB0DA000E4BECC /* FirebaseFunctionsCombine-Community */,
				E42652BF29FB0DA000E4BECC /* FirebaseInAppMessaging-Beta */,
				E42652C129FB0DA000E4BECC /* FirebaseInAppMessagingSwift-Beta */,
				E42652C329FB0DA000E4BECC /* FirebaseInstallations */,
				E42652C529FB0DA000E4BECC /* FirebaseMLModelDownloader */,
				E42652C729FB0DA000E4BECC /* FirebaseMessaging */,
				E42652C929FB0DA100E4BECC /* FirebasePerformance */,
				E42652CB29FB0DA100E4BECC /* FirebaseRemoteConfig */,
				E42652CD29FB0DA100E4BECC /* FirebaseRemoteConfigSwift */,
				E42652CF29FB0DA100E4BECC /* FirebaseStorage */,
				E42652D129FB0DA100E4BECC /* FirebaseStorageCombine-Community */,
			);
			productName = MYND;
			productReference = E426527429ECF2E300E4BECC /* MYND.app */;
			productType = "com.apple.product-type.application";
		};
/* End PBXNativeTarget section */

/* Begin PBXProject section */
		E426526C29ECF2E300E4BECC /* Project object */ = {
			isa = PBXProject;
			attributes = {
				BuildIndependentTargetsInParallel = 1;
				LastSwiftUpdateCheck = 1420;
				LastUpgradeCheck = 1420;
				TargetAttributes = {
					E426527329ECF2E300E4BECC = {
						CreatedOnToolsVersion = 14.2;
					};
				};
			};
			buildConfigurationList = E426526F29ECF2E300E4BECC /* Build configuration list for PBXProject "MYND" */;
			compatibilityVersion = "Xcode 14.0";
			developmentRegion = en;
			hasScannedForEncodings = 0;
			knownRegions = (
				en,
				Base,
			);
			mainGroup = E426526B29ECF2E300E4BECC;
			packageReferences = (
				E426529C29FB0DA000E4BECC /* XCRemoteSwiftPackageReference "firebase-ios-sdk" */,
			);
			productRefGroup = E426527529ECF2E300E4BECC /* Products */;
			projectDirPath = "";
			projectRoot = "";
			targets = (
				E426527329ECF2E300E4BECC /* MYND */,
			);
		};
/* End PBXProject section */

/* Begin PBXResourcesBuildPhase section */
		E426527229ECF2E300E4BECC /* Resources */ = {
			isa = PBXResourcesBuildPhase;
			buildActionMask = 2147483647;
			files = (
				E426528029ECF2E500E4BECC /* Preview Assets.xcassets in Resources */,
				E426527C29ECF2E500E4BECC /* Assets.xcassets in Resources */,
				E426529B29FB0C6800E4BECC /* GoogleService-Info.plist in Resources */,
			);
			runOnlyForDeploymentPostprocessing = 0;
		};
/* End PBXResourcesBuildPhase section */

/* Begin PBXSourcesBuildPhase section */
		E426527029ECF2E300E4BECC /* Sources */ = {
			isa = PBXSourcesBuildPhase;
			buildActionMask = 2147483647;
			files = (
				E42652D629FB1AE500E4BECC /* DB.swift in Sources */,
				E426529729F9E14A00E4BECC /* CheckinView.swift in Sources */,
				E426529529F5E23E00E4BECC /* HomeView.swift in Sources */,
				E426528B29F4EFF000E4BECC /* CopingStrategies.swift in Sources */,
				E426529929FA311100E4BECC /* ResourcesView.swift in Sources */,
				E426528729ECFB2A00E4BECC /* CopingSkills.swift in Sources */,
				E426529129F5C64900E4BECC /* CopingSkillView.swift in Sources */,
				E42652D429FB0E7C00E4BECC /* LoginView.swift in Sources */,
				E426528D29F5C14800E4BECC /* Theming.swift in Sources */,
				E426529329F5D96500E4BECC /* User.swift in Sources */,
				E426527A29ECF2E300E4BECC /* ContentView.swift in Sources */,
				E426527829ECF2E300E4BECC /* MYNDApp.swift in Sources */,
				E426528929ECFBE500E4BECC /* Navigation.swift in Sources */,
			);
			runOnlyForDeploymentPostprocessing = 0;
		};
/* End PBXSourcesBuildPhase section */

/* Begin XCBuildConfiguration section */
		E426528129ECF2E500E4BECC /* Debug */ = {
			isa = XCBuildConfiguration;
			buildSettings = {
				ALWAYS_SEARCH_USER_PATHS = NO;
				CLANG_ANALYZER_NONNULL = YES;
				CLANG_ANALYZER_NUMBER_OBJECT_CONVERSION = YES_AGGRESSIVE;
				CLANG_CXX_LANGUAGE_STANDARD = "gnu++20";
				CLANG_ENABLE_MODULES = YES;
				CLANG_ENABLE_OBJC_ARC = YES;
				CLANG_ENABLE_OBJC_WEAK = YES;
				CLANG_WARN_BLOCK_CAPTURE_AUTORELEASING = YES;
				CLANG_WARN_BOOL_CONVERSION = YES;
				CLANG_WARN_COMMA = YES;
				CLANG_WARN_CONSTANT_CONVERSION = YES;
				CLANG_WARN_DEPRECATED_OBJC_IMPLEMENTATIONS = YES;
				CLANG_WARN_DIRECT_OBJC_ISA_USAGE = YES_ERROR;
				CLANG_WARN_DOCUMENTATION_COMMENTS = YES;
				CLANG_WARN_EMPTY_BODY = YES;
				CLANG_WARN_ENUM_CONVERSION = YES;
				CLANG_WARN_INFINITE_RECURSION = YES;
				CLANG_WARN_INT_CONVERSION = YES;
				CLANG_WARN_NON_LITERAL_NULL_CONVERSION = YES;
				CLANG_WARN_OBJC_IMPLICIT_RETAIN_SELF = YES;
				CLANG_WARN_OBJC_LITERAL_CONVERSION = YES;
				CLANG_WARN_OBJC_ROOT_CLASS = YES_ERROR;
				CLANG_WARN_QUOTED_INCLUDE_IN_FRAMEWORK_HEADER = YES;
				CLANG_WARN_RANGE_LOOP_ANALYSIS = YES;
				CLANG_WARN_STRICT_PROTOTYPES = YES;
				CLANG_WARN_SUSPICIOUS_MOVE = YES;
				CLANG_WARN_UNGUARDED_AVAILABILITY = YES_AGGRESSIVE;
				CLANG_WARN_UNREACHABLE_CODE = YES;
				CLANG_WARN__DUPLICATE_METHOD_MATCH = YES;
				COPY_PHASE_STRIP = NO;
				DEBUG_INFORMATION_FORMAT = dwarf;
				ENABLE_STRICT_OBJC_MSGSEND = YES;
				ENABLE_TESTABILITY = YES;
				GCC_C_LANGUAGE_STANDARD = gnu11;
				GCC_DYNAMIC_NO_PIC = NO;
				GCC_NO_COMMON_BLOCKS = YES;
				GCC_OPTIMIZATION_LEVEL = 0;
				GCC_PREPROCESSOR_DEFINITIONS = (
					"DEBUG=1",
					"$(inherited)",
				);
				GCC_WARN_64_TO_32_BIT_CONVERSION = YES;
				GCC_WARN_ABOUT_RETURN_TYPE = YES_ERROR;
				GCC_WARN_UNDECLARED_SELECTOR = YES;
				GCC_WARN_UNINITIALIZED_AUTOS = YES_AGGRESSIVE;
				GCC_WARN_UNUSED_FUNCTION = YES;
				GCC_WARN_UNUSED_VARIABLE = YES;
				MTL_ENABLE_DEBUG_INFO = INCLUDE_SOURCE;
				MTL_FAST_MATH = YES;
				ONLY_ACTIVE_ARCH = YES;
				SWIFT_ACTIVE_COMPILATION_CONDITIONS = DEBUG;
				SWIFT_OPTIMIZATION_LEVEL = "-Onone";
			};
			name = Debug;
		};
		E426528229ECF2E500E4BECC /* Release */ = {
			isa = XCBuildConfiguration;
			buildSettings = {
				ALWAYS_SEARCH_USER_PATHS = NO;
				CLANG_ANALYZER_NONNULL = YES;
				CLANG_ANALYZER_NUMBER_OBJECT_CONVERSION = YES_AGGRESSIVE;
				CLANG_CXX_LANGUAGE_STANDARD = "gnu++20";
				CLANG_ENABLE_MODULES = YES;
				CLANG_ENABLE_OBJC_ARC = YES;
				CLANG_ENABLE_OBJC_WEAK = YES;
				CLANG_WARN_BLOCK_CAPTURE_AUTORELEASING = YES;
				CLANG_WARN_BOOL_CONVERSION = YES;
				CLANG_WARN_COMMA = YES;
				CLANG_WARN_CONSTANT_CONVERSION = YES;
				CLANG_WARN_DEPRECATED_OBJC_IMPLEMENTATIONS = YES;
				CLANG_WARN_DIRECT_OBJC_ISA_USAGE = YES_ERROR;
				CLANG_WARN_DOCUMENTATION_COMMENTS = YES;
				CLANG_WARN_EMPTY_BODY = YES;
				CLANG_WARN_ENUM_CONVERSION = YES;
				CLANG_WARN_INFINITE_RECURSION = YES;
				CLANG_WARN_INT_CONVERSION = YES;
				CLANG_WARN_NON_LITERAL_NULL_CONVERSION = YES;
				CLANG_WARN_OBJC_IMPLICIT_RETAIN_SELF = YES;
				CLANG_WARN_OBJC_LITERAL_CONVERSION = YES;
				CLANG_WARN_OBJC_ROOT_CLASS = YES_ERROR;
				CLANG_WARN_QUOTED_INCLUDE_IN_FRAMEWORK_HEADER = YES;
				CLANG_WARN_RANGE_LOOP_ANALYSIS = YES;
				CLANG_WARN_STRICT_PROTOTYPES = YES;
				CLANG_WARN_SUSPICIOUS_MOVE = YES;
				CLANG_WARN_UNGUARDED_AVAILABILITY = YES_AGGRESSIVE;
				CLANG_WARN_UNREACHABLE_CODE = YES;
				CLANG_WARN__DUPLICATE_METHOD_MATCH = YES;
				COPY_PHASE_STRIP = NO;
				DEBUG_INFORMATION_FORMAT = "dwarf-with-dsym";
				ENABLE_NS_ASSERTIONS = NO;
				ENABLE_STRICT_OBJC_MSGSEND = YES;
				GCC_C_LANGUAGE_STANDARD = gnu11;
				GCC_NO_COMMON_BLOCKS = YES;
				GCC_WARN_64_TO_32_BIT_CONVERSION = YES;
				GCC_WARN_ABOUT_RETURN_TYPE = YES_ERROR;
				GCC_WARN_UNDECLARED_SELECTOR = YES;
				GCC_WARN_UNINITIALIZED_AUTOS = YES_AGGRESSIVE;
				GCC_WARN_UNUSED_FUNCTION = YES;
				GCC_WARN_UNUSED_VARIABLE = YES;
				MTL_ENABLE_DEBUG_INFO = NO;
				MTL_FAST_MATH = YES;
				SWIFT_COMPILATION_MODE = wholemodule;
				SWIFT_OPTIMIZATION_LEVEL = "-O";
			};
			name = Release;
		};
		E426528429ECF2E500E4BECC /* Debug */ = {
			isa = XCBuildConfiguration;
			buildSettings = {
				ASSETCATALOG_COMPILER_APPICON_NAME = AppIcon;
				ASSETCATALOG_COMPILER_GLOBAL_ACCENT_COLOR_NAME = AccentColor;
				CODE_SIGN_ENTITLEMENTS = MYND/MYND.entitlements;
				CODE_SIGN_STYLE = Automatic;
				CURRENT_PROJECT_VERSION = 1;
				DEVELOPMENT_ASSET_PATHS = "\"MYND/Preview Content\"";
				ENABLE_PREVIEWS = YES;
				GENERATE_INFOPLIST_FILE = YES;
				"INFOPLIST_KEY_UIApplicationSceneManifest_Generation[sdk=iphoneos*]" = YES;
				"INFOPLIST_KEY_UIApplicationSceneManifest_Generation[sdk=iphonesimulator*]" = YES;
				"INFOPLIST_KEY_UIApplicationSupportsIndirectInputEvents[sdk=iphoneos*]" = YES;
				"INFOPLIST_KEY_UIApplicationSupportsIndirectInputEvents[sdk=iphonesimulator*]" = YES;
				"INFOPLIST_KEY_UILaunchScreen_Generation[sdk=iphoneos*]" = YES;
				"INFOPLIST_KEY_UILaunchScreen_Generation[sdk=iphonesimulator*]" = YES;
				"INFOPLIST_KEY_UIStatusBarStyle[sdk=iphoneos*]" = UIStatusBarStyleDefault;
				"INFOPLIST_KEY_UIStatusBarStyle[sdk=iphonesimulator*]" = UIStatusBarStyleDefault;
				INFOPLIST_KEY_UISupportedInterfaceOrientations_iPad = "UIInterfaceOrientationPortrait UIInterfaceOrientationPortraitUpsideDown UIInterfaceOrientationLandscapeLeft UIInterfaceOrientationLandscapeRight";
				INFOPLIST_KEY_UISupportedInterfaceOrientations_iPhone = "UIInterfaceOrientationPortrait UIInterfaceOrientationLandscapeLeft UIInterfaceOrientationLandscapeRight";
				IPHONEOS_DEPLOYMENT_TARGET = 16.2;
				LD_RUNPATH_SEARCH_PATHS = "@executable_path/Frameworks";
				"LD_RUNPATH_SEARCH_PATHS[sdk=macosx*]" = "@executable_path/../Frameworks";
				MACOSX_DEPLOYMENT_TARGET = 12.5;
				MARKETING_VERSION = 1.0;
				PRODUCT_BUNDLE_IDENTIFIER = com.mynd.MYND;
				PRODUCT_NAME = "$(TARGET_NAME)";
				SDKROOT = auto;
				SUPPORTED_PLATFORMS = "iphoneos iphonesimulator macosx";
				SWIFT_EMIT_LOC_STRINGS = YES;
				SWIFT_VERSION = 5.0;
				TARGETED_DEVICE_FAMILY = "1,2";
			};
			name = Debug;
		};
		E426528529ECF2E500E4BECC /* Release */ = {
			isa = XCBuildConfiguration;
			buildSettings = {
				ASSETCATALOG_COMPILER_APPICON_NAME = AppIcon;
				ASSETCATALOG_COMPILER_GLOBAL_ACCENT_COLOR_NAME = AccentColor;
				CODE_SIGN_ENTITLEMENTS = MYND/MYND.entitlements;
				CODE_SIGN_STYLE = Automatic;
				CURRENT_PROJECT_VERSION = 1;
				DEVELOPMENT_ASSET_PATHS = "\"MYND/Preview Content\"";
				ENABLE_PREVIEWS = YES;
				GENERATE_INFOPLIST_FILE = YES;
				"INFOPLIST_KEY_UIApplicationSceneManifest_Generation[sdk=iphoneos*]" = YES;
				"INFOPLIST_KEY_UIApplicationSceneManifest_Generation[sdk=iphonesimulator*]" = YES;
				"INFOPLIST_KEY_UIApplicationSupportsIndirectInputEvents[sdk=iphoneos*]" = YES;
				"INFOPLIST_KEY_UIApplicationSupportsIndirectInputEvents[sdk=iphonesimulator*]" = YES;
				"INFOPLIST_KEY_UILaunchScreen_Generation[sdk=iphoneos*]" = YES;
				"INFOPLIST_KEY_UILaunchScreen_Generation[sdk=iphonesimulator*]" = YES;
				"INFOPLIST_KEY_UIStatusBarStyle[sdk=iphoneos*]" = UIStatusBarStyleDefault;
				"INFOPLIST_KEY_UIStatusBarStyle[sdk=iphonesimulator*]" = UIStatusBarStyleDefault;
				INFOPLIST_KEY_UISupportedInterfaceOrientations_iPad = "UIInterfaceOrientationPortrait UIInterfaceOrientationPortraitUpsideDown UIInterfaceOrientationLandscapeLeft UIInterfaceOrientationLandscapeRight";
				INFOPLIST_KEY_UISupportedInterfaceOrientations_iPhone = "UIInterfaceOrientationPortrait UIInterfaceOrientationLandscapeLeft UIInterfaceOrientationLandscapeRight";
				IPHONEOS_DEPLOYMENT_TARGET = 16.2;
				LD_RUNPATH_SEARCH_PATHS = "@executable_path/Frameworks";
				"LD_RUNPATH_SEARCH_PATHS[sdk=macosx*]" = "@executable_path/../Frameworks";
				MACOSX_DEPLOYMENT_TARGET = 12.5;
				MARKETING_VERSION = 1.0;
				PRODUCT_BUNDLE_IDENTIFIER = com.mynd.MYND;
				PRODUCT_NAME = "$(TARGET_NAME)";
				SDKROOT = auto;
				SUPPORTED_PLATFORMS = "iphoneos iphonesimulator macosx";
				SWIFT_EMIT_LOC_STRINGS = YES;
				SWIFT_VERSION = 5.0;
				TARGETED_DEVICE_FAMILY = "1,2";
			};
			name = Release;
		};
/* End XCBuildConfiguration section */

/* Begin XCConfigurationList section */
		E426526F29ECF2E300E4BECC /* Build configuration list for PBXProject "MYND" */ = {
			isa = XCConfigurationList;
			buildConfigurations = (
				E426528129ECF2E500E4BECC /* Debug */,
				E426528229ECF2E500E4BECC /* Release */,
			);
			defaultConfigurationIsVisible = 0;
			defaultConfigurationName = Release;
		};
		E426528329ECF2E500E4BECC /* Build configuration list for PBXNativeTarget "MYND" */ = {
			isa = XCConfigurationList;
			buildConfigurations = (
				E426528429ECF2E500E4BECC /* Debug */,
				E426528529ECF2E500E4BECC /* Release */,
			);
			defaultConfigurationIsVisible = 0;
			defaultConfigurationName = Release;
		};
/* End XCConfigurationList section */

/* Begin XCRemoteSwiftPackageReference section */
		E426529C29FB0DA000E4BECC /* XCRemoteSwiftPackageReference "firebase-ios-sdk" */ = {
			isa = XCRemoteSwiftPackageReference;
			repositoryURL = "https://github.com/firebase/firebase-ios-sdk";
			requirement = {
				branch = master;
				kind = branch;
			};
		};
/* End XCRemoteSwiftPackageReference section */

/* Begin XCSwiftPackageProductDependency section */
		E426529D29FB0DA000E4BECC /* FirebaseAnalytics */ = {
			isa = XCSwiftPackageProductDependency;
			package = E426529C29FB0DA000E4BECC /* XCRemoteSwiftPackageReference "firebase-ios-sdk" */;
			productName = FirebaseAnalytics;
		};
		E426529F29FB0DA000E4BECC /* FirebaseAnalyticsOnDeviceConversion */ = {
			isa = XCSwiftPackageProductDependency;
			package = E426529C29FB0DA000E4BECC /* XCRemoteSwiftPackageReference "firebase-ios-sdk" */;
			productName = FirebaseAnalyticsOnDeviceConversion;
		};
		E42652A129FB0DA000E4BECC /* FirebaseAnalyticsSwift */ = {
			isa = XCSwiftPackageProductDependency;
			package = E426529C29FB0DA000E4BECC /* XCRemoteSwiftPackageReference "firebase-ios-sdk" */;
			productName = FirebaseAnalyticsSwift;
		};
		E42652A329FB0DA000E4BECC /* FirebaseAnalyticsWithoutAdIdSupport */ = {
			isa = XCSwiftPackageProductDependency;
			package = E426529C29FB0DA000E4BECC /* XCRemoteSwiftPackageReference "firebase-ios-sdk" */;
			productName = FirebaseAnalyticsWithoutAdIdSupport;
		};
		E42652A529FB0DA000E4BECC /* FirebaseAppCheck */ = {
			isa = XCSwiftPackageProductDependency;
			package = E426529C29FB0DA000E4BECC /* XCRemoteSwiftPackageReference "firebase-ios-sdk" */;
			productName = FirebaseAppCheck;
		};
		E42652A729FB0DA000E4BECC /* FirebaseAppDistribution-Beta */ = {
			isa = XCSwiftPackageProductDependency;
			package = E426529C29FB0DA000E4BECC /* XCRemoteSwiftPackageReference "firebase-ios-sdk" */;
			productName = "FirebaseAppDistribution-Beta";
		};
		E42652A929FB0DA000E4BECC /* FirebaseAuth */ = {
			isa = XCSwiftPackageProductDependency;
			package = E426529C29FB0DA000E4BECC /* XCRemoteSwiftPackageReference "firebase-ios-sdk" */;
			productName = FirebaseAuth;
		};
		E42652AB29FB0DA000E4BECC /* FirebaseAuthCombine-Community */ = {
			isa = XCSwiftPackageProductDependency;
			package = E426529C29FB0DA000E4BECC /* XCRemoteSwiftPackageReference "firebase-ios-sdk" */;
			productName = "FirebaseAuthCombine-Community";
		};
		E42652AD29FB0DA000E4BECC /* FirebaseCrashlytics */ = {
			isa = XCSwiftPackageProductDependency;
			package = E426529C29FB0DA000E4BECC /* XCRemoteSwiftPackageReference "firebase-ios-sdk" */;
			productName = FirebaseCrashlytics;
		};
		E42652AF29FB0DA000E4BECC /* FirebaseDatabase */ = {
			isa = XCSwiftPackageProductDependency;
			package = E426529C29FB0DA000E4BECC /* XCRemoteSwiftPackageReference "firebase-ios-sdk" */;
			productName = FirebaseDatabase;
		};
		E42652B129FB0DA000E4BECC /* FirebaseDatabaseSwift */ = {
			isa = XCSwiftPackageProductDependency;
			package = E426529C29FB0DA000E4BECC /* XCRemoteSwiftPackageReference "firebase-ios-sdk" */;
			productName = FirebaseDatabaseSwift;
		};
		E42652B329FB0DA000E4BECC /* FirebaseDynamicLinks */ = {
			isa = XCSwiftPackageProductDependency;
			package = E426529C29FB0DA000E4BECC /* XCRemoteSwiftPackageReference "firebase-ios-sdk" */;
			productName = FirebaseDynamicLinks;
		};
		E42652B529FB0DA000E4BECC /* FirebaseFirestore */ = {
			isa = XCSwiftPackageProductDependency;
			package = E426529C29FB0DA000E4BECC /* XCRemoteSwiftPackageReference "firebase-ios-sdk" */;
			productName = FirebaseFirestore;
		};
		E42652B729FB0DA000E4BECC /* FirebaseFirestoreCombine-Community */ = {
			isa = XCSwiftPackageProductDependency;
			package = E426529C29FB0DA000E4BECC /* XCRemoteSwiftPackageReference "firebase-ios-sdk" */;
			productName = "FirebaseFirestoreCombine-Community";
		};
		E42652B929FB0DA000E4BECC /* FirebaseFirestoreSwift */ = {
			isa = XCSwiftPackageProductDependency;
			package = E426529C29FB0DA000E4BECC /* XCRemoteSwiftPackageReference "firebase-ios-sdk" */;
			productName = FirebaseFirestoreSwift;
		};
		E42652BB29FB0DA000E4BECC /* FirebaseFunctions */ = {
			isa = XCSwiftPackageProductDependency;
			package = E426529C29FB0DA000E4BECC /* XCRemoteSwiftPackageReference "firebase-ios-sdk" */;
			productName = FirebaseFunctions;
		};
		E42652BD29FB0DA000E4BECC /* FirebaseFunctionsCombine-Community */ = {
			isa = XCSwiftPackageProductDependency;
			package = E426529C29FB0DA000E4BECC /* XCRemoteSwiftPackageReference "firebase-ios-sdk" */;
			productName = "FirebaseFunctionsCombine-Community";
		};
		E42652BF29FB0DA000E4BECC /* FirebaseInAppMessaging-Beta */ = {
			isa = XCSwiftPackageProductDependency;
			package = E426529C29FB0DA000E4BECC /* XCRemoteSwiftPackageReference "firebase-ios-sdk" */;
			productName = "FirebaseInAppMessaging-Beta";
		};
		E42652C129FB0DA000E4BECC /* FirebaseInAppMessagingSwift-Beta */ = {
			isa = XCSwiftPackageProductDependency;
			package = E426529C29FB0DA000E4BECC /* XCRemoteSwiftPackageReference "firebase-ios-sdk" */;
			productName = "FirebaseInAppMessagingSwift-Beta";
		};
		E42652C329FB0DA000E4BECC /* FirebaseInstallations */ = {
			isa = XCSwiftPackageProductDependency;
			package = E426529C29FB0DA000E4BECC /* XCRemoteSwiftPackageReference "firebase-ios-sdk" */;
			productName = FirebaseInstallations;
		};
		E42652C529FB0DA000E4BECC /* FirebaseMLModelDownloader */ = {
			isa = XCSwiftPackageProductDependency;
			package = E426529C29FB0DA000E4BECC /* XCRemoteSwiftPackageReference "firebase-ios-sdk" */;
			productName = FirebaseMLModelDownloader;
		};
		E42652C729FB0DA000E4BECC /* FirebaseMessaging */ = {
			isa = XCSwiftPackageProductDependency;
			package = E426529C29FB0DA000E4BECC /* XCRemoteSwiftPackageReference "firebase-ios-sdk" */;
			productName = FirebaseMessaging;
		};
		E42652C929FB0DA100E4BECC /* FirebasePerformance */ = {
			isa = XCSwiftPackageProductDependency;
			package = E426529C29FB0DA000E4BECC /* XCRemoteSwiftPackageReference "firebase-ios-sdk" */;
			productName = FirebasePerformance;
		};
		E42652CB29FB0DA100E4BECC /* FirebaseRemoteConfig */ = {
			isa = XCSwiftPackageProductDependency;
			package = E426529C29FB0DA000E4BECC /* XCRemoteSwiftPackageReference "firebase-ios-sdk" */;
			productName = FirebaseRemoteConfig;
		};
		E42652CD29FB0DA100E4BECC /* FirebaseRemoteConfigSwift */ = {
			isa = XCSwiftPackageProductDependency;
			package = E426529C29FB0DA000E4BECC /* XCRemoteSwiftPackageReference "firebase-ios-sdk" */;
			productName = FirebaseRemoteConfigSwift;
		};
		E42652CF29FB0DA100E4BECC /* FirebaseStorage */ = {
			isa = XCSwiftPackageProductDependency;
			package = E426529C29FB0DA000E4BECC /* XCRemoteSwiftPackageReference "firebase-ios-sdk" */;
			productName = FirebaseStorage;
		};
		E42652D129FB0DA100E4BECC /* FirebaseStorageCombine-Community */ = {
			isa = XCSwiftPackageProductDependency;
			package = E426529C29FB0DA000E4BECC /* XCRemoteSwiftPackageReference "firebase-ios-sdk" */;
			productName = "FirebaseStorageCombine-Community";
		};
/* End XCSwiftPackageProductDependency section */
	};
	rootObject = E426526C29ECF2E300E4BECC /* Project object */;
}
